
Microsoft Visual Studio Solution File, Format Version 11.00
# Visual Studio 2010
Project("{E24C65DC-7377-472B-9ABA-BC803B73C61A}") = "MasterPageEx", "http://localhost:52272", "{C92C7EA4-3D9B-4EF8-A186-73CDE549BF06}"
	ProjectSection(WebsiteProperties) = preProject
		UseIISExpress = "true"
		TargetFrameworkMoniker = ".NETFramework,Version%3Dv4.0"
		Debug.AspNetCompiler.VirtualPath = "/localhost_52272"
		Debug.AspNetCompiler.PhysicalPath = "C:\Users\Kyle\Documents\GitHub\PersonalWebPage\"
		Debug.AspNetCompiler.TargetPath = "PrecompiledWeb\localhost_52272\"
		Debug.AspNetCompiler.Updateable = "true"
		Debug.AspNetCompiler.ForceOverwrite = "true"
		Debug.AspNetCompiler.FixedNames = "false"
		Debug.AspNetCompiler.Debug = "True"
		Release.AspNetCompiler.VirtualPath = "/localhost_52272"
		Release.AspNetCompiler.PhysicalPath = "C:\Users\Kyle\Documents\GitHub\PersonalWebPage\"
		Release.AspNetCompiler.TargetPath = "PrecompiledWeb\localhost_52272\"
		Release.AspNetCompiler.Updateable = "true"
		Release.AspNetCompiler.ForceOverwrite = "true"
		Release.AspNetCompiler.FixedNames = "false"
		Release.AspNetCompiler.Debug = "False"
		SlnRelativePath = "C:\Users\Kyle\Documents\GitHub\PersonalWebPage\"
		DefaultWebSiteLanguage = "Visual C#"
	EndProjectSection
EndProject
Global
	GlobalSection(SolutionConfigurationPlatforms) = preSolution
		Debug|Any CPU = Debug|Any CPU
	EndGlobalSection
	GlobalSection(ProjectConfigurationPlatforms) = postSolution
		{C92C7EA4-3D9B-4EF8-A186-73CDE549BF06}.Debug|Any CPU.ActiveCfg = Debug|Any CPU
		{C92C7EA4-3D9B-4EF8-A186-73CDE549BF06}.Debug|Any CPU.Build.0 = Debug|Any CPU
	EndGlobalSection
	GlobalSection(SolutionProperties) = preSolution
		HideSolutionNode = FALSE
	EndGlobalSection
EndGlobal
